
Microsoft Visual Studio Solution File, Format Version 12.00
# Visual Studio Version 17
VisualStudioVersion = 17.11.35327.3
MinimumVisualStudioVersion = 10.0.40219.1
Project("{8BC9CEB8-8B4A-11D0-8D11-00A0C91BC942}") = "char_str_1", "char_str_1.vcxproj", "{FDCAEC4A-1D1F-4326-93A0-A3E79CE6326A}"
EndProject
Global
	GlobalSection(SolutionConfigurationPlatforms) = preSolution
		Debug|x64 = Debug|x64
		Debug|x86 = Debug|x86
		Release|x64 = Release|x64
		Release|x86 = Release|x86
	EndGlobalSection
	GlobalSection(ProjectConfigurationPlatforms) = postSolution
		{FDCAEC4A-1D1F-4326-93A0-A3E79CE6326A}.Debug|x64.ActiveCfg = Debug|x64
		{FDCAEC4A-1D1F-4326-93A0-A3E79CE6326A}.Debug|x64.Build.0 = Debug|x64
		{FDCAEC4A-1D1F-4326-93A0-A3E79CE6326A}.Debug|x86.ActiveCfg = Debug|Win32
		{FDCAEC4A-1D1F-4326-93A0-A3E79CE6326A}.Debug|x86.Build.0 = Debug|Win32
		{FDCAEC4A-1D1F-4326-93A0-A3E79CE6326A}.Release|x64.ActiveCfg = Release|x64
		{FDCAEC4A-1D1F-4326-93A0-A3E79CE6326A}.Release|x64.Build.0 = Release|x64
		{FDCAEC4A-1D1F-4326-93A0-A3E79CE6326A}.Release|x86.ActiveCfg = Release|Win32
		{FDCAEC4A-1D1F-4326-93A0-A3E79CE6326A}.Release|x86.Build.0 = Release|Win32
	EndGlobalSection
	GlobalSection(SolutionProperties) = preSolution
		HideSolutionNode = FALSE
	EndGlobalSection
	GlobalSection(ExtensibilityGlobals) = postSolution
		SolutionGuid = {FCB5E08D-EAC3-45FA-B91D-898C8EC91246}
	EndGlobalSection
EndGlobal
